
Microsoft Visual Studio Solution File, Format Version 12.00
# Visual Studio Version 16
VisualStudioVersion = 16.0.29709.97
MinimumVisualStudioVersion = 10.0.40219.1
Project("{FAE04EC0-301F-11D3-BF4B-00C04F79EFBC}") = "Deliverable3-Methods", "Deliverable3-Methods.csproj", "{57EFBE80-64A2-41D3-98C0-6A70C9D1394D}"
EndProject
Global
	GlobalSection(SolutionConfigurationPlatforms) = preSolution
		Debug|Any CPU = Debug|Any CPU
		Release|Any CPU = Release|Any CPU
	EndGlobalSection
	GlobalSection(ProjectConfigurationPlatforms) = postSolution
		{57EFBE80-64A2-41D3-98C0-6A70C9D1394D}.Debug|Any CPU.ActiveCfg = Debug|Any CPU
		{57EFBE80-64A2-41D3-98C0-6A70C9D1394D}.Debug|Any CPU.Build.0 = Debug|Any CPU
		{57EFBE80-64A2-41D3-98C0-6A70C9D1394D}.Release|Any CPU.ActiveCfg = Release|Any CPU
		{57EFBE80-64A2-41D3-98C0-6A70C9D1394D}.Release|Any CPU.Build.0 = Release|Any CPU
	EndGlobalSection
	GlobalSection(SolutionProperties) = preSolution
		HideSolutionNode = FALSE
	EndGlobalSection
	GlobalSection(ExtensibilityGlobals) = postSolution
		SolutionGuid = {B95DBAE9-3BD1-4F20-B4B9-BB456D6FADD8}
	EndGlobalSection
EndGlobal
